<?xml version="1.0" encoding="utf-8"?>
<Project ToolsVersion="17.0" xmlns="http://schemas.microsoft.com/developer/msbuild/2003">
  <ItemGroup>
    <CustomBuild Include="C:\dev\simple_cmake_tutorial\9.Variable_Cache_and_Precedence\build_with_cmd_line\CMakeFiles\fa6cd7f0dd826aead6cf12992d47bfea\generate.stamp.rule">
      <Filter>CMake Rules</Filter>
    </CustomBuild>
  </ItemGroup>
  <ItemGroup>
    <Filter Include="CMake Rules">
      <UniqueIdentifier>{33221AB3-7A2B-399E-AC95-E44C13550F02}</UniqueIdentifier>
    </Filter>
  </ItemGroup>
</Project>
